
Microsoft Visual Studio Solution File, Format Version 12.00
# Visual Studio 14
VisualStudioVersion = 14.0.24720.0
MinimumVisualStudioVersion = 10.0.40219.1
Project("{8BC9CEB8-8B4A-11D0-8D11-00A0C91BC942}") = "irsdk_server", "irsdk_server\irsdk_server.vcxproj", "{AB890443-8EB2-493B-BE63-9FB6CD0C97FB}"
EndProject
Project("{8BC9CEB8-8B4A-11D0-8D11-00A0C91BC942}") = "irsdk_msgtest", "irsdk_msgtest\irsdk_msgtest.vcxproj", "{8C0D6027-633F-4683-AA42-453F9D2E5260}"
EndProject
Project("{8BC9CEB8-8B4A-11D0-8D11-00A0C91BC942}") = "irsdk_readtest", "irsdk_readtest\irsdk_readtest.vcxproj", "{191EEAFD-58E6-4F37-B71A-38F746BAD4AB}"
EndProject
Project("{8BC9CEB8-8B4A-11D0-8D11-00A0C91BC942}") = "irsdk_writetest", "irsdk_writetest\irsdk_writetest.vcxproj", "{AE3993EF-0FC0-408B-BCB4-D8EC8DB5A5AB}"
EndProject
Project("{8BC9CEB8-8B4A-11D0-8D11-00A0C91BC942}") = "irsdk_ir2ad", "irsdk_ir2ad\ir2ad.vcxproj", "{5B0FA9D6-BE98-4A40-A6ED-1C6A92E38320}"
EndProject
Project("{8BC9CEB8-8B4A-11D0-8D11-00A0C91BC942}") = "irsdk_ffbforce", "irsdk_ffbforce\irsdk_ffbforce.vcxproj", "{0B4042FE-6809-47BB-A22D-7A9593832AF7}"
EndProject
Global
	GlobalSection(SolutionConfigurationPlatforms) = preSolution
		Debug|Win32 = Debug|Win32
		Release|Win32 = Release|Win32
	EndGlobalSection
	GlobalSection(ProjectConfigurationPlatforms) = postSolution
		{AB890443-8EB2-493B-BE63-9FB6CD0C97FB}.Debug|Win32.ActiveCfg = Debug|Win32
		{AB890443-8EB2-493B-BE63-9FB6CD0C97FB}.Debug|Win32.Build.0 = Debug|Win32
		{AB890443-8EB2-493B-BE63-9FB6CD0C97FB}.Release|Win32.ActiveCfg = Release|Win32
		{AB890443-8EB2-493B-BE63-9FB6CD0C97FB}.Release|Win32.Build.0 = Release|Win32
		{8C0D6027-633F-4683-AA42-453F9D2E5260}.Debug|Win32.ActiveCfg = Debug|Win32
		{8C0D6027-633F-4683-AA42-453F9D2E5260}.Debug|Win32.Build.0 = Debug|Win32
		{8C0D6027-633F-4683-AA42-453F9D2E5260}.Release|Win32.ActiveCfg = Release|Win32
		{8C0D6027-633F-4683-AA42-453F9D2E5260}.Release|Win32.Build.0 = Release|Win32
		{191EEAFD-58E6-4F37-B71A-38F746BAD4AB}.Debug|Win32.ActiveCfg = Debug|Win32
		{191EEAFD-58E6-4F37-B71A-38F746BAD4AB}.Debug|Win32.Build.0 = Debug|Win32
		{191EEAFD-58E6-4F37-B71A-38F746BAD4AB}.Release|Win32.ActiveCfg = Release|Win32
		{191EEAFD-58E6-4F37-B71A-38F746BAD4AB}.Release|Win32.Build.0 = Release|Win32
		{AE3993EF-0FC0-408B-BCB4-D8EC8DB5A5AB}.Debug|Win32.ActiveCfg = Debug|Win32
		{AE3993EF-0FC0-408B-BCB4-D8EC8DB5A5AB}.Debug|Win32.Build.0 = Debug|Win32
		{AE3993EF-0FC0-408B-BCB4-D8EC8DB5A5AB}.Release|Win32.ActiveCfg = Release|Win32
		{AE3993EF-0FC0-408B-BCB4-D8EC8DB5A5AB}.Release|Win32.Build.0 = Release|Win32
		{5B0FA9D6-BE98-4A40-A6ED-1C6A92E38320}.Debug|Win32.ActiveCfg = Debug|Win32
		{5B0FA9D6-BE98-4A40-A6ED-1C6A92E38320}.Debug|Win32.Build.0 = Debug|Win32
		{5B0FA9D6-BE98-4A40-A6ED-1C6A92E38320}.Release|Win32.ActiveCfg = Release|Win32
		{5B0FA9D6-BE98-4A40-A6ED-1C6A92E38320}.Release|Win32.Build.0 = Release|Win32
		{0B4042FE-6809-47BB-A22D-7A9593832AF7}.Debug|Win32.ActiveCfg = Debug|Win32
		{0B4042FE-6809-47BB-A22D-7A9593832AF7}.Debug|Win32.Build.0 = Debug|Win32
		{0B4042FE-6809-47BB-A22D-7A9593832AF7}.Release|Win32.ActiveCfg = Release|Win32
		{0B4042FE-6809-47BB-A22D-7A9593832AF7}.Release|Win32.Build.0 = Release|Win32
	EndGlobalSection
	GlobalSection(SolutionProperties) = preSolution
		HideSolutionNode = FALSE
	EndGlobalSection
EndGlobal
